
Microsoft Visual Studio Solution File, Format Version 12.00
# Visual Studio Version 16
VisualStudioVersion = 16.0.29709.97
MinimumVisualStudioVersion = 10.0.40219.1
Project("{FAE04EC0-301F-11D3-BF4B-00C04F79EFBC}") = "Labb3", "Labb3\Labb3.csproj", "{42691BC6-C066-429A-9ADC-9A407E5E4D46}"
EndProject
Global
	GlobalSection(SolutionConfigurationPlatforms) = preSolution
		Debug|Any CPU = Debug|Any CPU
		Release|Any CPU = Release|Any CPU
	EndGlobalSection
	GlobalSection(ProjectConfigurationPlatforms) = postSolution
		{42691BC6-C066-429A-9ADC-9A407E5E4D46}.Debug|Any CPU.ActiveCfg = Debug|Any CPU
		{42691BC6-C066-429A-9ADC-9A407E5E4D46}.Debug|Any CPU.Build.0 = Debug|Any CPU
		{42691BC6-C066-429A-9ADC-9A407E5E4D46}.Release|Any CPU.ActiveCfg = Release|Any CPU
		{42691BC6-C066-429A-9ADC-9A407E5E4D46}.Release|Any CPU.Build.0 = Release|Any CPU
	EndGlobalSection
	GlobalSection(SolutionProperties) = preSolution
		HideSolutionNode = FALSE
	EndGlobalSection
	GlobalSection(ExtensibilityGlobals) = postSolution
		SolutionGuid = {57D22C4C-1FB4-4625-81B4-7EC5A0385D96}
	EndGlobalSection
EndGlobal
